Microsoft Visual Studio Solution File, Format Version 11.00
# Visual Studio 2008

Project("{2F1F01D1-1846-F7A8-740B-E34AB3073C63}") = "3D-Snake", "Assembly-CSharp-firstpass.csproj", "{88317B13-2B58-285A-F517-CDC0492C59C2}"
EndProject
Project("{2F1F01D1-1846-F7A8-740B-E34AB3073C63}") = "3D-Snake", "Assembly-CSharp.csproj", "{30192846-29FA-E109-71BE-1868F70D01C6}"
EndProject
Project("{2F1F01D1-1846-F7A8-740B-E34AB3073C63}") = "3D-Snake", "Assembly-CSharp-Editor-firstpass.csproj", "{FD898C46-8457-4611-8C6C-66AF00633F7E}"
EndProject
Global
	GlobalSection(SolutionConfigurationPlatforms) = preSolution
		Debug|Any CPU = Debug|Any CPU
		Release|Any CPU = Release|Any CPU
	EndGlobalSection
	GlobalSection(ProjectConfigurationPlatforms) = postSolution
		{88317B13-2B58-285A-F517-CDC0492C59C2}.Debug|Any CPU.ActiveCfg = Debug|Any CPU
		{88317B13-2B58-285A-F517-CDC0492C59C2}.Debug|Any CPU.Build.0 = Debug|Any CPU
		{88317B13-2B58-285A-F517-CDC0492C59C2}.Release|Any CPU.ActiveCfg = Release|Any CPU
		{88317B13-2B58-285A-F517-CDC0492C59C2}.Release|Any CPU.Build.0 = Release|Any CPU
		{30192846-29FA-E109-71BE-1868F70D01C6}.Debug|Any CPU.ActiveCfg = Debug|Any CPU
		{30192846-29FA-E109-71BE-1868F70D01C6}.Debug|Any CPU.Build.0 = Debug|Any CPU
		{30192846-29FA-E109-71BE-1868F70D01C6}.Release|Any CPU.ActiveCfg = Release|Any CPU
		{30192846-29FA-E109-71BE-1868F70D01C6}.Release|Any CPU.Build.0 = Release|Any CPU
		{FD898C46-8457-4611-8C6C-66AF00633F7E}.Debug|Any CPU.ActiveCfg = Debug|Any CPU
		{FD898C46-8457-4611-8C6C-66AF00633F7E}.Debug|Any CPU.Build.0 = Debug|Any CPU
		{FD898C46-8457-4611-8C6C-66AF00633F7E}.Release|Any CPU.ActiveCfg = Release|Any CPU
		{FD898C46-8457-4611-8C6C-66AF00633F7E}.Release|Any CPU.Build.0 = Release|Any CPU
	EndGlobalSection
	GlobalSection(SolutionProperties) = preSolution
		HideSolutionNode = FALSE
	EndGlobalSection
	GlobalSection(MonoDevelopProperties) = preSolution
		StartupItem = Assembly-CSharp.csproj
	EndGlobalSection
EndGlobal
